// !$*UTF8*$!
{
	archiveVersion = 1;
	classes = {
	};
	objectVersion = 46;
	objects = {

/* Begin PBXBuildFile section */
		1002D3CE1ECDA52B00A6FDE8 /* AppDelegate.swift in Sources */ = {isa = PBXBuildFile; fileRef = 1002D3CD1ECDA52B00A6FDE8 /* AppDelegate.swift */; };
		1002D3D01ECDA52B00A6FDE8 /* ViewController.swift in Sources */ = {isa = PBXBuildFile; fileRef = 1002D3CF1ECDA52B00A6FDE8 /* ViewController.swift */; };
		1002D3D31ECDA52B00A6FDE8 /* Main.storyboard in Resources */ = {isa = PBXBuildFile; fileRef = 1002D3D11ECDA52B00A6FDE8 /* Main.storyboard */; };
		1002D3D51ECDA52B00A6FDE8 /* Assets.xcassets in Resources */ = {isa = PBXBuildFile; fileRef = 1002D3D41ECDA52B00A6FDE8 /* Assets.xcassets */; };
		1002D3D81ECDA52B00A6FDE8 /* LaunchScreen.storyboard in Resources */ = {isa = PBXBuildFile; fileRef = 1002D3D61ECDA52B00A6FDE8 /* LaunchScreen.storyboard */; };
		1002D3E01ECDA55900A6FDE8 /* DemoViewController.swift in Sources */ = {isa = PBXBuildFile; fileRef = 1002D3DF1ECDA55900A6FDE8 /* DemoViewController.swift */; };
		102307FE1ECDAFBA00E2EC8D /* UIViewController+NavigationBar.swift in Sources */ = {isa = PBXBuildFile; fileRef = 102307FD1ECDAFBA00E2EC8D /* UIViewController+NavigationBar.swift */; };
/* End PBXBuildFile section */

/* Begin PBXFileReference section */
		1002D3CA1ECDA52B00A6FDE8 /* MDNavigationBar_swift.app */ = {isa = PBXFileReference; explicitFileType = wrapper.application; includeInIndex = 0; path = MDNavigationBar_swift.app; sourceTree = BUILT_PRODUCTS_DIR; };
		1002D3CD1ECDA52B00A6FDE8 /* AppDelegate.swift */ = {isa = PBXFileReference; lastKnownFileType = sourcecode.swift; path = AppDelegate.swift; sourceTree = "<group>"; };
		1002D3CF1ECDA52B00A6FDE8 /* ViewController.swift */ = {isa = PBXFileReference; lastKnownFileType = sourcecode.swift; path = ViewController.swift; sourceTree = "<group>"; };
		1002D3D21ECDA52B00A6FDE8 /* Base */ = {isa = PBXFileReference; lastKnownFileType = file.storyboard; name = Base; path = Base.lproj/Main.storyboard; sourceTree = "<group>"; };
		1002D3D41ECDA52B00A6FDE8 /* Assets.xcassets */ = {isa = PBXFileReference; lastKnownFileType = folder.assetcatalog; path = Assets.xcassets; sourceTree = "<group>"; };
		1002D3D71ECDA52B00A6FDE8 /* Base */ = {isa = PBXFileReference; lastKnownFileType = file.storyboard; name = Base; path = Base.lproj/LaunchScreen.storyboard; sourceTree = "<group>"; };
		1002D3D91ECDA52B00A6FDE8 /* Info.plist */ = {isa = PBXFileReference; lastKnownFileType = text.plist.xml; path = Info.plist; sourceTree = "<group>"; };
		1002D3DF1ECDA55900A6FDE8 /* DemoViewController.swift */ = {isa = PBXFileReference; fileEncoding = 4; lastKnownFileType = sourcecode.swift; path = DemoViewController.swift; sourceTree = "<group>"; };
		102307FD1ECDAFBA00E2EC8D /* UIViewController+NavigationBar.swift */ = {isa = PBXFileReference; fileEncoding = 4; lastKnownFileType = sourcecode.swift; path = "UIViewController+NavigationBar.swift"; sourceTree = "<group>"; };
/* End PBXFileReference section */

/* Begin PBXFrameworksBuildPhase section */
		1002D3C71ECDA52B00A6FDE8 /* Frameworks */ = {
			isa = PBXFrameworksBuildPhase;
			buildActionMask = 2147483647;
			files = (
			);
			runOnlyForDeploymentPostprocessing = 0;
		};
/* End PBXFrameworksBuildPhase section */

/* Begin PBXGroup section */
		1002D3C11ECDA52B00A6FDE8 = {
			isa = PBXGroup;
			children = (
				1002D3CC1ECDA52B00A6FDE8 /* MDNavigationBar_swift */,
				1002D3CB1ECDA52B00A6FDE8 /* Products */,
			);
			sourceTree = "<group>";
		};
		1002D3CB1ECDA52B00A6FDE8 /* Products */ = {
			isa = PBXGroup;
			children = (
				1002D3CA1ECDA52B00A6FDE8 /* MDNavigationBar_swift.app */,
			);
			name = Products;
			sourceTree = "<group>";
		};
		1002D3CC1ECDA52B00A6FDE8 /* MDNavigationBar_swift */ = {
			isa = PBXGroup;
			children = (
				1002D3CD1ECDA52B00A6FDE8 /* AppDelegate.swift */,
				1002D3CF1ECDA52B00A6FDE8 /* ViewController.swift */,
				1002D3DF1ECDA55900A6FDE8 /* DemoViewController.swift */,
				102307FD1ECDAFBA00E2EC8D /* UIViewController+NavigationBar.swift */,
				1002D3D11ECDA52B00A6FDE8 /* Main.storyboard */,
				1002D3D41ECDA52B00A6FDE8 /* Assets.xcassets */,
				1002D3D61ECDA52B00A6FDE8 /* LaunchScreen.storyboard */,
				1002D3D91ECDA52B00A6FDE8 /* Info.plist */,
			);
			path = MDNavigationBar_swift;
			sourceTree = "<group>";
		};
/* End PBXGroup section */

/* Begin PBXNativeTarget section */
		1002D3C91ECDA52B00A6FDE8 /* MDNavigationBar_swift */ = {
			isa = PBXNativeTarget;
			buildConfigurationList = 1002D3DC1ECDA52B00A6FDE8 /* Build configuration list for PBXNativeTarget "MDNavigationBar_swift" */;
			buildPhases = (
				1002D3C61ECDA52B00A6FDE8 /* Sources */,
				1002D3C71ECDA52B00A6FDE8 /* Frameworks */,
				1002D3C81ECDA52B00A6FDE8 /* Resources */,
			);
			buildRules = (
			);
			dependencies = (
			);
			name = MDNavigationBar_swift;
			productName = MDNavigationBar_swift;
			productReference = 1002D3CA1ECDA52B00A6FDE8 /* MDNavigationBar_swift.app */;
			productType = "com.apple.product-type.application";
		};
/* End PBXNativeTarget section */

/* Begin PBXProject section */
		1002D3C21ECDA52B00A6FDE8 /* Project object */ = {
			isa = PBXProject;
			attributes = {
				LastSwiftUpdateCheck = 0830;
				LastUpgradeCheck = 0830;
				ORGANIZATIONNAME = smlkts;
				TargetAttributes = {
					1002D3C91ECDA52B00A6FDE8 = {
						CreatedOnToolsVersion = 8.3.2;
						ProvisioningStyle = Automatic;
					};
				};
			};
			buildConfigurationList = 1002D3C51ECDA52B00A6FDE8 /* Build configuration list for PBXProject "MDNavigationBar_swift" */;
			compatibilityVersion = "Xcode 3.2";
			developmentRegion = English;
			hasScannedForEncodings = 0;
			knownRegions = (
				en,
				Base,
			);
			mainGroup = 1002D3C11ECDA52B00A6FDE8;
			productRefGroup = 1002D3CB1ECDA52B00A6FDE8 /* Products */;
			projectDirPath = "";
			projectRoot = "";
			targets = (
				1002D3C91ECDA52B00A6FDE8 /* MDNavigationBar_swift */,
			);
		};
/* End PBXProject section */

/* Begin PBXResourcesBuildPhase section */
		1002D3C81ECDA52B00A6FDE8 /* Resources */ = {
			isa = PBXResourcesBuildPhase;
			buildActionMask = 2147483647;
			files = (
				1002D3D81ECDA52B00A6FDE8 /* LaunchScreen.storyboard in Resources */,
				1002D3D51ECDA52B00A6FDE8 /* Assets.xcassets in Resources */,
				1002D3D31ECDA52B00A6FDE8 /* Main.storyboard in Resources */,
			);
			runOnlyForDeploymentPostprocessing = 0;
		};
/* End PBXResourcesBuildPhase section */

/* Begin PBXSourcesBuildPhase section */
		1002D3C61ECDA52B00A6FDE8 /* Sources */ = {
			isa = PBXSourcesBuildPhase;
			buildActionMask = 2147483647;
			files = (
				102307FE1ECDAFBA00E2EC8D /* UIViewController+NavigationBar.swift in Sources */,
				1002D3E01ECDA55900A6FDE8 /* DemoViewController.swift in Sources */,
				1002D3D01ECDA52B00A6FDE8 /* ViewController.swift in Sources */,
				1002D3CE1ECDA52B00A6FDE8 /* AppDelegate.swift in Sources */,
			);
			runOnlyForDeploymentPostprocessing = 0;
		};
/* End PBXSourcesBuildPhase section */

/* Begin PBXVariantGroup section */
		1002D3D11ECDA52B00A6FDE8 /* Main.storyboard */ = {
			isa = PBXVariantGroup;
			children = (
				1002D3D21ECDA52B00A6FDE8 /* Base */,
			);
			name = Main.storyboard;
			sourceTree = "<group>";
		};
		1002D3D61ECDA52B00A6FDE8 /* LaunchScreen.storyboard */ = {
			isa = PBXVariantGroup;
			children = (
				1002D3D71ECDA52B00A6FDE8 /* Base */,
			);
			name = LaunchScreen.storyboard;
			sourceTree = "<group>";
		};
/* End PBXVariantGroup section */

/* Begin XCBuildConfiguration section */
		1002D3DA1ECDA52B00A6FDE8 /* Debug */ = {
			isa = XCBuildConfiguration;
			buildSettings = {
				ALWAYS_SEARCH_USER_PATHS = NO;
				CLANG_ANALYZER_NONNULL = YES;
				CLANG_ANALYZER_NUMBER_OBJECT_CONVERSION = YES_AGGRESSIVE;
				CLANG_CXX_LANGUAGE_STANDARD = "gnu++0x";
				CLANG_CXX_LIBRARY = "libc++";
				CLANG_ENABLE_MODULES = YES;
				CLANG_ENABLE_OBJC_ARC = YES;
				CLANG_WARN_BOOL_CONVERSION = YES;
				CLANG_WARN_CONSTANT_CONVERSION = YES;
				CLANG_WARN_DIRECT_OBJC_ISA_USAGE = YES_ERROR;
				CLANG_WARN_DOCUMENTATION_COMMENTS = YES;
				CLANG_WARN_EMPTY_BODY = YES;
				CLANG_WARN_ENUM_CONVERSION = YES;
				CLANG_WARN_INFINITE_RECURSION = YES;
				CLANG_WARN_INT_CONVERSION = YES;
				CLANG_WARN_OBJC_ROOT_CLASS = YES_ERROR;
				CLANG_WARN_SUSPICIOUS_MOVE = YES;
				CLANG_WARN_UNREACHABLE_CODE = YES;
				CLANG_WARN__DUPLICATE_METHOD_MATCH = YES;
				"CODE_SIGN_IDENTITY[sdk=iphoneos*]" = "iPhone Developer";
				COPY_PHASE_STRIP = NO;
				DEBUG_INFORMATION_FORMAT = dwarf;
				ENABLE_STRICT_OBJC_MSGSEND = YES;
				ENABLE_TESTABILITY = YES;
				GCC_C_LANGUAGE_STANDARD = gnu99;
				GCC_DYNAMIC_NO_PIC = NO;
				GCC_NO_COMMON_BLOCKS = YES;
				GCC_OPTIMIZATION_LEVEL = 0;
				GCC_PREPROCESSOR_DEFINITIONS = (
					"DEBUG=1",
					"$(inherited)",
				);
				GCC_WARN_64_TO_32_BIT_CONVERSION = YES;
				GCC_WARN_ABOUT_RETURN_TYPE = YES_ERROR;
				GCC_WARN_UNDECLARED_SELECTOR = YES;
				GCC_WARN_UNINITIALIZED_AUTOS = YES_AGGRESSIVE;
				GCC_WARN_UNUSED_FUNCTION = YES;
				GCC_WARN_UNUSED_VARIABLE = YES;
				IPHONEOS_DEPLOYMENT_TARGET = 10.3;
				MTL_ENABLE_DEBUG_INFO = YES;
				ONLY_ACTIVE_ARCH = YES;
				SDKROOT = iphoneos;
				SWIFT_ACTIVE_COMPILATION_CONDITIONS = DEBUG;
				SWIFT_OPTIMIZATION_LEVEL = "-Onone";
				TARGETED_DEVICE_FAMILY = "1,2";
			};
			name = Debug;
		};
		1002D3DB1ECDA52B00A6FDE8 /* Release */ = {
			isa = XCBuildConfiguration;
			buildSettings = {
				ALWAYS_SEARCH_USER_PATHS = NO;
				CLANG_ANALYZER_NONNULL = YES;
				CLANG_ANALYZER_NUMBER_OBJECT_CONVERSION = YES_AGGRESSIVE;
				CLANG_CXX_LANGUAGE_STANDARD = "gnu++0x";
				CLANG_CXX_LIBRARY = "libc++";
				CLANG_ENABLE_MODULES = YES;
				CLANG_ENABLE_OBJC_ARC = YES;
				CLANG_WARN_BOOL_CONVERSION = YES;
				CLANG_WARN_CONSTANT_CONVERSION = YES;
				CLANG_WARN_DIRECT_OBJC_ISA_USAGE = YES_ERROR;
				CLANG_WARN_DOCUMENTATION_COMMENTS = YES;
				CLANG_WARN_EMPTY_BODY = YES;
				CLANG_WARN_ENUM_CONVERSION = YES;
				CLANG_WARN_INFINITE_RECURSION = YES;
				CLANG_WARN_INT_CONVERSION = YES;
				CLANG_WARN_OBJC_ROOT_CLASS = YES_ERROR;
				CLANG_WARN_SUSPICIOUS_MOVE = YES;
				CLANG_WARN_UNREACHABLE_CODE = YES;
				CLANG_WARN__DUPLICATE_METHOD_MATCH = YES;
				"CODE_SIGN_IDENTITY[sdk=iphoneos*]" = "iPhone Developer";
				COPY_PHASE_STRIP = NO;
				DEBUG_INFORMATION_FORMAT = "dwarf-with-dsym";
				ENABLE_NS_ASSERTIONS = NO;
				ENABLE_STRICT_OBJC_MSGSEND = YES;
				GCC_C_LANGUAGE_STANDARD = gnu99;
				GCC_NO_COMMON_BLOCKS = YES;
				GCC_WARN_64_TO_32_BIT_CONVERSION = YES;
				GCC_WARN_ABOUT_RETURN_TYPE = YES_ERROR;
				GCC_WARN_UNDECLARED_SELECTOR = YES;
				GCC_WARN_UNINITIALIZED_AUTOS = YES_AGGRESSIVE;
				GCC_WARN_UNUSED_FUNCTION = YES;
				GCC_WARN_UNUSED_VARIABLE = YES;
				IPHONEOS_DEPLOYMENT_TARGET = 10.3;
				MTL_ENABLE_DEBUG_INFO = NO;
				SDKROOT = iphoneos;
				SWIFT_OPTIMIZATION_LEVEL = "-Owholemodule";
				TARGETED_DEVICE_FAMILY = "1,2";
				VALIDATE_PRODUCT = YES;
			};
			name = Release;
		};
		1002D3DD1ECDA52B00A6FDE8 /* Debug */ = {
			isa = XCBuildConfiguration;
			buildSettings = {
				ASSETCATALOG_COMPILER_APPICON_NAME = AppIcon;
				INFOPLIST_FILE = MDNavigationBar_swift/Info.plist;
				LD_RUNPATH_SEARCH_PATHS = "$(inherited) @executable_path/Frameworks";
				PRODUCT_BUNDLE_IDENTIFIER = "com.example.MDNavigationBar-swift";
				PRODUCT_NAME = "$(TARGET_NAME)";
				SWIFT_VERSION = 3.0;
			};
			name = Debug;
		};
		1002D3DE1ECDA52B00A6FDE8 /* Release */ = {
			isa = XCBuildConfiguration;
			buildSettings = {
				ASSETCATALOG_COMPILER_APPICON_NAME = AppIcon;
				INFOPLIST_FILE = MDNavigationBar_swift/Info.plist;
				LD_RUNPATH_SEARCH_PATHS = "$(inherited) @executable_path/Frameworks";
				PRODUCT_BUNDLE_IDENTIFIER = "com.example.MDNavigationBar-swift";
				PRODUCT_NAME = "$(TARGET_NAME)";
				SWIFT_VERSION = 3.0;
			};
			name = Release;
		};
/* End XCBuildConfiguration section */

/* Begin XCConfigurationList section */
		1002D3C51ECDA52B00A6FDE8 /* Build configuration list for PBXProject "MDNavigationBar_swift" */ = {
			isa = XCConfigurationList;
			buildConfigurations = (
				1002D3DA1ECDA52B00A6FDE8 /* Debug */,
				1002D3DB1ECDA52B00A6FDE8 /* Release */,
			);
			defaultConfigurationIsVisible = 0;
			defaultConfigurationName = Release;
		};
		1002D3DC1ECDA52B00A6FDE8 /* Build configuration list for PBXNativeTarget "MDNavigationBar_swift" */ = {
			isa = XCConfigurationList;
			buildConfigurations = (
				1002D3DD1ECDA52B00A6FDE8 /* Debug */,
				1002D3DE1ECDA52B00A6FDE8 /* Release */,
			);
			defaultConfigurationIsVisible = 0;
			defaultConfigurationName = Release;
		};
/* End XCConfigurationList section */
	};
	rootObject = 1002D3C21ECDA52B00A6FDE8 /* Project object */;
}
